{
  "name": "Robot-Portfolio",
  "lockfileVersion": 3,
  "requires": true,
  "packages": {
    "": {
      "dependencies": {
        "postprocessing": "^6.37.8"
      }
    },
    "node_modules/postprocessing": {
      "version": "6.37.8",
      "resolved": "https://registry.npmjs.org/postprocessing/-/postprocessing-6.37.8.tgz",
      "integrity": "sha512-qTFUKS51z/fuw2U+irz4/TiKJ/0oI70cNtvQG1WxlPKvBdJUfS1CcFswJd5ATY3slotWfvkDDZAsj1X0fU8BOQ==",
      "license": "Zlib",
      "peerDependencies": {
        "three": ">= 0.157.0 < 0.181.0"
      }
    }
  }
}
